{
  "originHash" : "ff7b050d2c231981528741f2953b034446867a71eafe168a542c3f53925d2983",
  "pins" : [
    {
      "identity" : "ifrit",
      "kind" : "remoteSourceControl",
      "location" : "https://github.com/ukushu/Ifrit",
      "state" : {
        "branch" : "main",
        "revision" : "5cb8badc28c7a4b7f59a05b8f0da37c363d25b6a"
      }
    },
    {
      "identity" : "sparkle",
      "kind" : "remoteSourceControl",
      "location" : "https://github.com/sparkle-project/Sparkle",
      "state" : {
        "revision" : "df074165274afaa39539c05d57b0832620775b11",
        "version" : "2.7.1"
      }
    },
    {
      "identity" : "symbolpicker",
      "kind" : "remoteSourceControl",
      "location" : "https://github.com/xnth97/SymbolPicker",
      "state" : {
        "revision" : "8bb08c982235b8e601bc500a41e770d7e198759b",
        "version" : "1.6.2"
      }
    }
  ],
  "version" : 3
}
