{
  "originHash" : "09d65b03c56071585fb1e5e6bcaa4ceddba89004d2c93fa06439f36fe6543d73",
  "pins" : [
    {
      "identity" : "ifrit",
      "kind" : "remoteSourceControl",
      "location" : "https://github.com/ukushu/Ifrit",
      "state" : {
        "branch" : "main",
        "revision" : "5cb8badc28c7a4b7f59a05b8f0da37c363d25b6a"
      }
    },
    {
      "identity" : "sparkle",
      "kind" : "remoteSourceControl",
      "location" : "https://github.com/sparkle-project/Sparkle",
      "state" : {
        "revision" : "df074165274afaa39539c05d57b0832620775b11",
        "version" : "2.7.1"
      }
    }
  ],
  "version" : 3
}
